GIT
  remote: git://github.com/Hobo/hobo.git
  revision: f55c1c17015d4ec214242fc7ac04477f455a2b20
  specs:
    doc (0.0.1)
    dryml (2.0.0.pre4)
      actionpack (~> 3.2.0)
      hobo_support (= 2.0.0.pre4)
    hobo (2.0.0.pre4)
      dryml (= 2.0.0.pre4)
      hobo_fields (= 2.0.0.pre4)
      hobo_support (= 2.0.0.pre4)
      will_paginate (~> 3.0.0)
    hobo_clean (2.0.0.pre4)
      hobo (= 2.0.0.pre4)
      hobo_jquery_ui (= 2.0.0.pre4)
    hobo_clean_admin (2.0.0.pre4)
      hobo_clean (= 2.0.0.pre4)
    hobo_clean_sidemenu (2.0.0.pre4)
      hobo_clean (= 2.0.0.pre4)
    hobo_fields (2.0.0.pre4)
      hobo_support (= 2.0.0.pre4)
    hobo_jquery (2.0.0.pre4)
      hobo_rapid (= 2.0.0.pre4)
      jquery-rails (~> 2.0)
    hobo_jquery_ui (2.0.0.pre4)
      hobo (= 2.0.0.pre4)
      hobo_jquery (= 2.0.0.pre4)
      jquery-ui-themes (~> 0.0.4)
    hobo_rapid (2.0.0.pre4)
      hobo (= 2.0.0.pre4)
    hobo_support (2.0.0.pre4)
      rails (~> 3.2.0)

GIT
  remote: git://github.com/Hobo/hobo_bootstrap.git
  revision: ac109e6ba4501b6e7194567a1e70c6dc1cfb88dc
  specs:
    hobo_bootstrap (2.0.0.pre4)
      compass-rails (~> 1.0.3)
      compass_twitter_bootstrap (~> 2.0.3)
      hobo (~> 2.0.0.pre1)
      hobo_jquery_ui (~> 2.0.0.pre1)
      will_paginate-bootstrap (~> 0.2.1)

GIT
  remote: git://github.com/Hobo/hobo_data_tables.git
  revision: 89a5a882b938c8cb775eb50e79ea6c3ab3d1dbaa
  specs:
    hobo_data_tables (0.0.1)
      hobo (> 1.4.0.pre5)
      jquery-datatables-rails

GIT
  remote: git://github.com/Hobo/hobo_mapstraction.git
  revision: 3f545243d4a2190b2ee9568cf6ba043b74b929ee
  specs:
    hobo_mapstraction (0.0.1)
      hobo (> 1.4.0.pre6)

GIT
  remote: git://github.com/Hobo/hobo_paperclip.git
  revision: 5b97b6db1e52deac70a216256ad54b33de374e6d
  specs:
    hobo_paperclip (0.0.3)
      hobo
      paperclip

GIT
  remote: git://github.com/Hobo/hobo_simple_color.git
  revision: 35dea062d760c39dbcff521f1377afbbed2f10b1
  specs:
    hobo_simple_color (0.0.2)
      hobo (> 1.4.0.pre4)

GIT
  remote: git://github.com/Hobo/hobo_tokeninput.git
  revision: 271317004e0a3c6fd6083405b30193e3fbbae0ba
  specs:
    hobo_tokeninput (0.0.1)
      hobo (> 1.4.0.pre5)

GIT
  remote: git://github.com/Hobo/hobo_tree_table.git
  revision: f3533062ae8f8051daeb82292d31735cdee7b697
  specs:
    hobo_tree_table (0.0.1)
      hobo (> 1.4.0.pre1)

GIT
  remote: git://github.com/Hobo/select_one_or_new_dialog.git
  revision: 238312c2d032e40c899215835c220fc338c0f472
  specs:
    select_one_or_new_dialog (0.0.1)
      hobo (> 1.4.0.pre1)
      hobo_jquery_ui (> 1.4.0.pre1)

GIT
  remote: git://github.com/Hobo/will_paginate.git
  revision: cc7ef01551b94fe4f607e38929037234dc70bb62
  specs:
    will_paginate (3.0.4.hobo)

GIT
  remote: git://github.com/bryanlarsen/vlad-git.git
  revision: 0fa91ca93089003779aa564b4cdef238f08385cf
  specs:
    vlad-git (2.2.0)
      vlad (>= 2.1.0)

GEM
  remote: http://rubygems.org/
  specs:
    actionmailer (3.2.8)
      actionpack (= 3.2.8)
      mail (~> 2.4.4)
    actionpack (3.2.8)
      activemodel (= 3.2.8)
      activesupport (= 3.2.8)
      builder (~> 3.0.0)
      erubis (~> 2.7.0)
      journey (~> 1.0.4)
      rack (~> 1.4.0)
      rack-cache (~> 1.2)
      rack-test (~> 0.6.1)
      sprockets (~> 2.1.3)
    activemodel (3.2.8)
      activesupport (= 3.2.8)
      builder (~> 3.0.0)
    activerecord (3.2.8)
      activemodel (= 3.2.8)
      activesupport (= 3.2.8)
      arel (~> 3.0.2)
      tzinfo (~> 0.3.29)
    activeresource (3.2.8)
      activemodel (= 3.2.8)
      activesupport (= 3.2.8)
    activesupport (3.2.8)
      i18n (~> 0.6)
      multi_json (~> 1.0)
    arel (3.0.2)
    awesome_print (1.0.2)
    builder (3.0.4)
    chunky_png (1.2.6)
    cocaine (0.3.0)
    coffee-rails (3.2.2)
      coffee-script (>= 2.2.0)
      railties (~> 3.2.0)
    coffee-script (2.2.0)
      coffee-script-source
      execjs
    coffee-script-source (1.3.3)
    compass (0.12.2)
      chunky_png (~> 1.2)
      fssm (>= 0.2.7)
      sass (~> 3.1)
    compass-rails (1.0.3)
      compass (>= 0.12.2, < 0.14)
    compass_twitter_bootstrap (2.0.3)
      compass
    erubis (2.7.0)
    execjs (1.4.0)
      multi_json (~> 1.0)
    fssm (0.2.9)
    hike (1.2.1)
    httparty (0.9.0)
      multi_json (~> 1.0)
      multi_xml
    i18n (0.6.1)
    journey (1.0.4)
    jquery-datatables-rails (1.11.1)
      jquery-rails
    jquery-rails (2.1.3)
      railties (>= 3.1.0, < 5.0)
      thor (~> 0.14)
    jquery-ui-themes (0.0.7)
      httparty
    json (1.7.5)
    libv8 (3.3.10.4)
    mail (2.4.4)
      i18n (>= 0.4.0)
      mime-types (~> 1.16)
      treetop (~> 1.4.8)
    maruku (0.6.0)
      syntax (>= 1.0.0)
    mime-types (1.19)
    multi_json (1.3.6)
    multi_xml (0.5.1)
    mysql (2.8.1)
    open4 (1.3.0)
    paperclip (2.7.0)
      activerecord (>= 2.3.0)
      activesupport (>= 2.3.2)
      cocaine (>= 0.0.2)
      mime-types
    polyglot (0.3.3)
    quiet_assets (1.0.1)
      railties (~> 3.1)
    rack (1.4.1)
    rack-cache (1.2)
      rack (>= 0.4)
    rack-ssl (1.3.2)
      rack
    rack-test (0.6.2)
      rack (>= 1.0)
    rails (3.2.8)
      actionmailer (= 3.2.8)
      actionpack (= 3.2.8)
      activerecord (= 3.2.8)
      activeresource (= 3.2.8)
      activesupport (= 3.2.8)
      bundler (~> 1.0)
      railties (= 3.2.8)
    railties (3.2.8)
      actionpack (= 3.2.8)
      activesupport (= 3.2.8)
      rack-ssl (~> 1.3.2)
      rake (>= 0.8.7)
      rdoc (~> 3.4)
      thor (>= 0.14.6, < 2.0)
    rake (0.9.2.2)
    rake-remote_task (2.0.6)
      open4 (~> 1.0)
      rake (~> 0.8)
    rdoc (3.12)
      json (~> 1.4)
    recaptcha (0.3.4)
    sass (3.2.1)
    sass-rails (3.2.5)
      railties (~> 3.2.0)
      sass (>= 3.1.10)
      tilt (~> 1.3)
    sprockets (2.1.3)
      hike (~> 1.2)
      rack (~> 1.0)
      tilt (~> 1.1, != 1.3.0)
    syntax (1.0.0)
    therubyracer (0.10.2)
      libv8 (~> 3.3.10)
    thor (0.16.0)
    tilt (1.3.3)
    treetop (1.4.11)
      polyglot
      polyglot (>= 0.3.1)
    tzinfo (0.3.34)
    uglifier (1.3.0)
      execjs (>= 0.3.0)
      multi_json (~> 1.0, >= 1.0.2)
    vlad (2.2.5)
      rake (~> 0.8)
      rake-remote_task (~> 2.0)
    will_paginate-bootstrap (0.2.1)
      will_paginate (>= 3.0.3)
    yard (0.8.2.1)

PLATFORMS
  ruby

DEPENDENCIES
  awesome_print
  cocaine
  coffee-rails (~> 3.2.1)
  doc!
  dryml!
  execjs
  hobo!
  hobo_bootstrap!
  hobo_clean!
  hobo_clean_admin!
  hobo_clean_sidemenu!
  hobo_data_tables!
  hobo_fields!
  hobo_jquery!
  hobo_jquery_ui!
  hobo_mapstraction!
  hobo_paperclip!
  hobo_rapid!
  hobo_simple_color!
  hobo_support!
  hobo_tokeninput!
  hobo_tree_table!
  jquery-rails
  jquery-ui-themes
  maruku
  mysql
  paperclip (~> 2.7)
  quiet_assets
  rails (= 3.2.8)
  recaptcha
  sass-rails (~> 3.2.3)
  select_one_or_new_dialog!
  therubyracer
  uglifier (>= 1.0.3)
  vlad
  vlad-git!
  will_paginate!
  yard
